
Microsoft Visual Studio Solution File, Format Version 12.00
# Visual Studio Version 17
VisualStudioVersion = 17.12.35527.113 d17.12
MinimumVisualStudioVersion = 10.0.40219.1
Project("{FAE04EC0-301F-11D3-BF4B-00C04F79EFBC}") = "ass04", "ass04\ass04.csproj", "{DCC7F315-4AE9-4360-BCE2-CE142DF35511}"
EndProject
Global
	GlobalSection(SolutionConfigurationPlatforms) = preSolution
		Debug|Any CPU = Debug|Any CPU
		Release|Any CPU = Release|Any CPU
	EndGlobalSection
	GlobalSection(ProjectConfigurationPlatforms) = postSolution
		{DCC7F315-4AE9-4360-BCE2-CE142DF35511}.Debug|Any CPU.ActiveCfg = Debug|Any CPU
		{DCC7F315-4AE9-4360-BCE2-CE142DF35511}.Debug|Any CPU.Build.0 = Debug|Any CPU
		{DCC7F315-4AE9-4360-BCE2-CE142DF35511}.Release|Any CPU.ActiveCfg = Release|Any CPU
		{DCC7F315-4AE9-4360-BCE2-CE142DF35511}.Release|Any CPU.Build.0 = Release|Any CPU
	EndGlobalSection
	GlobalSection(SolutionProperties) = preSolution
		HideSolutionNode = FALSE
	EndGlobalSection
EndGlobal
